# THIS IS AN AUTOGENERATED FILE. DO NOT EDIT THIS FILE DIRECTLY.
# yarn lockfile v1


"@react-native-async-storage/async-storage@^1.19.3":
  version "1.21.0"
  resolved "https://registry.npmjs.org/@react-native-async-storage/async-storage/-/async-storage-1.21.0.tgz#d7e370028e228ab84637016ceeb495878b7a44c8"
  integrity sha512-JL0w36KuFHFCvnbOXRekqVAUplmOyT/OuCQkogo6X98MtpSaJOKEAeZnYO8JB0U/RIEixZaGI5px73YbRm/oag==
  dependencies:
    merge-options "^3.0.4"

"@react-native-firebase/app@^18.7.1":
  version "18.7.1"
  resolved "https://registry.npmjs.org/@react-native-firebase/app/-/app-18.7.1.tgz#89fea18713a0fec9e2a0190a4be6b6c54208a73e"
  integrity sha512-OcWfOUl47pIXcmD5lDn+b1hJktiU7DawXTqjxzDLfWpPzSQUys4OH9kV2ZEnFNKMuvgPELNtzq/H9+Bylc4PGA==
  dependencies:
    opencollective-postinstall "^2.0.3"
    superstruct "^0.6.2"

"@react-native-firebase/auth@^18.5.0":
  version "18.7.2"
  resolved "https://registry.yarnpkg.com/@react-native-firebase/auth/-/auth-18.7.2.tgz#29db8dbcf45d9c1c31e815f77597958bca8bfe52"
  integrity sha512-6s7JOLWi/sLsGb644UFL83Lkj181dJ+Z7CtX+xO6oLq+34fU5KbAIctQMcL6YnEqTDMBVdGOaiqwf/UsKjldsg==
  dependencies:
    plist "^3.1.0"

"@react-native-google-signin/google-signin@^10.0.1":
  version "10.1.1"
  resolved "https://registry.npmjs.org/@react-native-google-signin/google-signin/-/google-signin-10.1.1.tgz#1306aac8c32cb5deb994a1bfb05bed8172defed1"
  integrity sha512-o6VufmUpdP174WY7r+ojVccyVHrTMjZEzCBJVa52r/wGJBzbxe8eD9MXdAYClkS2f4AGOdH6epNkySow89HRrA==

"@react-navigation/core@^6.4.10":
  version "6.4.10"
  resolved "https://registry.npmjs.org/@react-navigation/core/-/core-6.4.10.tgz#0c52621968b35e3a75e189e823d3b9e3bad77aff"
  integrity sha512-oYhqxETRHNHKsipm/BtGL0LI43Hs2VSFoWMbBdHK9OqgQPjTVUitslgLcPpo4zApCcmBWoOLX2qPxhsBda644A==
  dependencies:
    "@react-navigation/routers" "^6.1.9"
    escape-string-regexp "^4.0.0"
    nanoid "^3.1.23"
    query-string "^7.1.3"
    react-is "^16.13.0"
    use-latest-callback "^0.1.7"

"@react-navigation/elements@^1.3.21":
  version "1.3.21"
  resolved "https://registry.npmjs.org/@react-navigation/elements/-/elements-1.3.21.tgz#debac6becc6b6692da09ec30e705e476a780dfe1"
  integrity sha512-eyS2C6McNR8ihUoYfc166O1D8VYVh9KIl0UQPI8/ZJVsStlfSTgeEEh+WXge6+7SFPnZ4ewzEJdSAHH+jzcEfg==

"@react-navigation/native@^6.1.7":
  version "6.1.9"
  resolved "https://registry.npmjs.org/@react-navigation/native/-/native-6.1.9.tgz#8ef87095cd9c2ed094308c726157c7f6fc28796e"
  integrity sha512-AMuJDpwXE7UlfyhIXaUCCynXmv69Kb8NzKgKJO7v0k0L+u6xUTbt6xvshmJ79vsvaFyaEH9Jg5FMzek5/S5qNw==
  dependencies:
    "@react-navigation/core" "^6.4.10"
    escape-string-regexp "^4.0.0"
    fast-deep-equal "^3.1.3"
    nanoid "^3.1.23"

"@react-navigation/routers@^6.1.9":
  version "6.1.9"
  resolved "https://registry.npmjs.org/@react-navigation/routers/-/routers-6.1.9.tgz#73f5481a15a38e36592a0afa13c3c064b9f90bed"
  integrity sha512-lTM8gSFHSfkJvQkxacGM6VJtBt61ip2XO54aNfswD+KMw6eeZ4oehl7m0me3CR9hnDE4+60iAZR8sAhvCiI3NA==
  dependencies:
    nanoid "^3.1.23"

"@react-navigation/stack@^6.3.17":
  version "6.3.20"
  resolved "https://registry.npmjs.org/@react-navigation/stack/-/stack-6.3.20.tgz#8eec944888f317bb1ba1ff30e7f513806bea16c2"
  integrity sha512-vE6mgZzOgoa5Uy7ayT97Cj+ZIK7DK+JBYVuKUViILlWZy6IWK7HFDuqoChSbZ1ajTIfAxj/acVGg1jkbAKsToA==
  dependencies:
    "@react-navigation/elements" "^1.3.21"
    color "^4.2.3"
    warn-once "^0.1.0"

"@types/node@^20.6.2":
  version "20.10.4"
  resolved "https://registry.yarnpkg.com/@types/node/-/node-20.10.4.tgz#b246fd84d55d5b1b71bf51f964bd514409347198"
  integrity sha512-D08YG6rr8X90YB56tSIuBaddy/UXAA9RKJoFvrsnogAum/0pmjkgi4+2nx96A330FmioegBWmEYQ+syqCFaveg==
  dependencies:
    undici-types "~5.26.4"

"@types/prop-types@*":
  version "15.7.11"
  resolved "https://registry.npmjs.org/@types/prop-types/-/prop-types-15.7.11.tgz#2596fb352ee96a1379c657734d4b913a613ad563"
  integrity sha512-ga8y9v9uyeiLdpKddhxYQkxNDrfvuPrlFb0N1qnZZByvcElJaXthF1UhvCh9TLWJBEHeNtdnbysW7Y6Uq8CVng==

"@types/react@^18.2.27":
  version "18.2.42"
  resolved "https://registry.npmjs.org/@types/react/-/react-18.2.42.tgz#6f6b11a904f6d96dda3c2920328a97011a00aba7"
  integrity sha512-c1zEr96MjakLYus/wPnuWDo1/zErfdU9rNsIGmE+NV71nx88FG9Ttgo5dqorXTu/LImX2f63WBP986gJkMPNbA==
  dependencies:
    "@types/prop-types" "*"
    "@types/scheduler" "*"
    csstype "^3.0.2"

"@types/scheduler@*":
  version "0.16.8"
  resolved "https://registry.npmjs.org/@types/scheduler/-/scheduler-0.16.8.tgz#ce5ace04cfeabe7ef87c0091e50752e36707deff"
  integrity sha512-WZLiwShhwLRmeV6zH+GkbOFT6Z6VklCItrDioxUnv+u4Ll+8vKeFySoFyK/0ctcRpOmwAicELfmys1sDc/Rw+A==

"@xmldom/xmldom@^0.8.8":
  version "0.8.10"
  resolved "https://registry.yarnpkg.com/@xmldom/xmldom/-/xmldom-0.8.10.tgz#a1337ca426aa61cef9fe15b5b28e340a72f6fa99"
  integrity sha512-2WALfTl4xo2SkGCYRt6rDTFfk9R1czmBvUQy12gK2KuRKIpWEhcbbzy8EZXtz/jkRqHX8bFEc6FC1HjX4TUWYw==

base64-js@^1.5.1:
  version "1.5.1"
  resolved "https://registry.yarnpkg.com/base64-js/-/base64-js-1.5.1.tgz#1b1b440160a5bf7ad40b650f095963481903930a"
  integrity sha512-AKpaYlHn8t4SVbOHCy+b5+KKgvR4vrsD8vbvrbiQJps7fKDTkjkDry6ji0rUJjC0kzbNePLwzxq8iypo41qeWA==

clone-deep@^2.0.1:
  version "2.0.2"
  resolved "https://registry.npmjs.org/clone-deep/-/clone-deep-2.0.2.tgz#00db3a1e173656730d1188c3d6aced6d7ea97713"
  integrity sha512-SZegPTKjCgpQH63E+eN6mVEEPdQBOUzjyJm5Pora4lrwWRFS8I0QAxV/KD6vV/i0WuijHZWQC1fMsPEdxfdVCQ==
  dependencies:
    for-own "^1.0.0"
    is-plain-object "^2.0.4"
    kind-of "^6.0.0"
    shallow-clone "^1.0.0"

color-convert@^2.0.1:
  version "2.0.1"
  resolved "https://registry.npmjs.org/color-convert/-/color-convert-2.0.1.tgz#72d3a68d598c9bdb3af2ad1e84f21d896abd4de3"
  integrity sha512-RRECPsj7iu/xb5oKYcsFHSppFNnsj/52OVTRKb4zP5onXwVF3zVmmToNcOfGC+CRDpfK/U584fMg38ZHCaElKQ==
  dependencies:
    color-name "~1.1.4"

color-name@^1.0.0, color-name@~1.1.4:
  version "1.1.4"
  resolved "https://registry.npmjs.org/color-name/-/color-name-1.1.4.tgz#c2a09a87acbde69543de6f63fa3995c826c536a2"
  integrity sha512-dOy+3AuW3a2wNbZHIuMZpTcgjGuLU/uBL/ubcZF9OXbDo8ff4O8yVp5Bf0efS8uEoYo5q4Fx7dY9OgQGXgAsQA==

color-string@^1.9.0:
  version "1.9.1"
  resolved "https://registry.npmjs.org/color-string/-/color-string-1.9.1.tgz#4467f9146f036f855b764dfb5bf8582bf342c7a4"
  integrity sha512-shrVawQFojnZv6xM40anx4CkoDP+fZsw/ZerEMsW/pyzsRbElpsL/DBVW7q3ExxwusdNXI3lXpuhEZkzs8p5Eg==
  dependencies:
    color-name "^1.0.0"
    simple-swizzle "^0.2.2"

color@^4.2.3:
  version "4.2.3"
  resolved "https://registry.npmjs.org/color/-/color-4.2.3.tgz#d781ecb5e57224ee43ea9627560107c0e0c6463a"
  integrity sha512-1rXeuUUiGGrykh+CeBdu5Ie7OJwinCgQY0bc7GCRxy5xVHy+moaqkpL/jqQq0MtQOeYcrqEz4abc5f0KtU7W4A==
  dependencies:
    color-convert "^2.0.1"
    color-string "^1.9.0"

csstype@^3.0.2:
  version "3.1.2"
  resolved "https://registry.npmjs.org/csstype/-/csstype-3.1.2.tgz#1d4bf9d572f11c14031f0436e1c10bc1f571f50b"
  integrity sha512-I7K1Uu0MBPzaFKg4nI5Q7Vs2t+3gWWW648spaF+Rg7pI9ds18Ugn+lvg4SHczUdKlHI5LWBXyqfS8+DufyBsgQ==

decode-uri-component@^0.2.2:
  version "0.2.2"
  resolved "https://registry.npmjs.org/decode-uri-component/-/decode-uri-component-0.2.2.tgz#e69dbe25d37941171dd540e024c444cd5188e1e9"
  integrity sha512-FqUYQ+8o158GyGTrMFJms9qh3CqTKvAqgqsTnkLI8sKu0028orqBhxNMFkFen0zGyg6epACD32pjVk58ngIErQ==

escape-string-regexp@^4.0.0:
  version "4.0.0"
  resolved "https://registry.npmjs.org/escape-string-regexp/-/escape-string-regexp-4.0.0.tgz#14ba83a5d373e3d311e5afca29cf5bfad965bf34"
  integrity sha512-TtpcNJ3XAzx3Gq8sWRzJaVajRs0uVxA2YAkdb1jm2YkPz4G6egUFAyA3n5vtEIZefPk5Wa4UXbKuS5fKkJWdgA==

events@^3.3.0:
  version "3.3.0"
  resolved "https://registry.npmjs.org/events/-/events-3.3.0.tgz#31a95ad0a924e2d2c419a813aeb2c4e878ea7400"
  integrity sha512-mQw+2fkQbALzQ7V0MY0IqdnXNOeTtP4r0lN9z7AAawCXgqea7bDii20AYrIBrFd/Hx0M2Ocz6S111CaFkUcb0Q==

fast-deep-equal@^3.1.3:
  version "3.1.3"
  resolved "https://registry.npmjs.org/fast-deep-equal/-/fast-deep-equal-3.1.3.tgz#3a7d56b559d6cbc3eb512325244e619a65c6c525"
  integrity sha512-f3qQ9oQy9j2AhBe/H9VC91wLmKBCCU/gDOnKNAYG5hswO7BLKj09Hc5HYNz9cGI++xlpDCIgDaitVs03ATR84Q==

filter-obj@^1.1.0:
  version "1.1.0"
  resolved "https://registry.npmjs.org/filter-obj/-/filter-obj-1.1.0.tgz#9b311112bc6c6127a16e016c6c5d7f19e0805c5b"
  integrity sha512-8rXg1ZnX7xzy2NGDVkBVaAy+lSlPNwad13BtgSlLuxfIslyt5Vg64U7tFcCt4WS1R0hvtnQybT/IyCkGZ3DpXQ==

for-in@^0.1.3:
  version "0.1.8"
  resolved "https://registry.npmjs.org/for-in/-/for-in-0.1.8.tgz#d8773908e31256109952b1fdb9b3fa867d2775e1"
  integrity sha512-F0to7vbBSHP8E3l6dCjxNOLuSFAACIxFy3UehTUlG7svlXi37HHsDkyVcHo0Pq8QwrE+pXvWSVX3ZT1T9wAZ9g==

for-in@^1.0.1:
  version "1.0.2"
  resolved "https://registry.npmjs.org/for-in/-/for-in-1.0.2.tgz#81068d295a8142ec0ac726c6e2200c30fb6d5e80"
  integrity sha512-7EwmXrOjyL+ChxMhmG5lnW9MPt1aIeZEwKhQzoBUdTV0N3zuwWDZYVJatDvZ2OyzPUvdIAZDsCetk3coyMfcnQ==

for-own@^1.0.0:
  version "1.0.0"
  resolved "https://registry.npmjs.org/for-own/-/for-own-1.0.0.tgz#c63332f415cedc4b04dbfe70cf836494c53cb44b"
  integrity sha512-0OABksIGrxKK8K4kynWkQ7y1zounQxP+CWnyclVwj81KW3vlLlGUx57DKGcP/LH216GzqnstnPocF16Nxs0Ycg==
  dependencies:
    for-in "^1.0.1"

is-arrayish@^0.3.1:
  version "0.3.2"
  resolved "https://registry.npmjs.org/is-arrayish/-/is-arrayish-0.3.2.tgz#4574a2ae56f7ab206896fb431eaeed066fdf8f03"
  integrity sha512-eVRqCvVlZbuw3GrM63ovNSNAeA1K16kaR/LRY/92w0zxQ5/1YzwblUX652i4Xs9RwAGjW9d9y6X88t8OaAJfWQ==

is-extendable@^0.1.1:
  version "0.1.1"
  resolved "https://registry.npmjs.org/is-extendable/-/is-extendable-0.1.1.tgz#62b110e289a471418e3ec36a617d472e301dfc89"
  integrity sha512-5BMULNob1vgFX6EjQw5izWDxrecWK9AM72rugNr0TFldMOi0fj6Jk+zeKIt0xGj4cEfQIJth4w3OKWOJ4f+AFw==

is-plain-obj@^2.1.0:
  version "2.1.0"
  resolved "https://registry.npmjs.org/is-plain-obj/-/is-plain-obj-2.1.0.tgz#45e42e37fccf1f40da8e5f76ee21515840c09287"
  integrity sha512-YWnfyRwxL/+SsrWYfOpUtz5b3YD+nyfkHvjbcanzk8zgyO4ASD67uVMRt8k5bM4lLMDnXfriRhOpemw+NfT1eA==

is-plain-object@^2.0.4:
  version "2.0.4"
  resolved "https://registry.npmjs.org/is-plain-object/-/is-plain-object-2.0.4.tgz#2c163b3fafb1b606d9d17928f05c2a1c38e07677"
  integrity sha512-h5PpgXkWitc38BBMYawTYMWJHFZJVnBquFE57xFpjB8pJFiF6gZ+bU+WyI/yqXiFR5mdLsgYNaPe8uao6Uv9Og==
  dependencies:
    isobject "^3.0.1"

isobject@^3.0.1:
  version "3.0.1"
  resolved "https://registry.npmjs.org/isobject/-/isobject-3.0.1.tgz#4e431e92b11a9731636aa1f9c8d1ccbcfdab78df"
  integrity sha512-WhB9zCku7EGTj/HQQRz5aUQEUeoQZH2bWcltRErOpymJ4boYE6wL9Tbr23krRPSZ+C5zqNSrSw+Cc7sZZ4b7vg==

kind-of@^5.0.0:
  version "5.1.0"
  resolved "https://registry.npmjs.org/kind-of/-/kind-of-5.1.0.tgz#729c91e2d857b7a419a1f9aa65685c4c33f5845d"
  integrity sha512-NGEErnH6F2vUuXDh+OlbcKW7/wOcfdRHaZ7VWtqCztfHri/++YKmP51OdWeGPuqCOba6kk2OTe5d02VmTB80Pw==

kind-of@^6.0.0, kind-of@^6.0.1:
  version "6.0.3"
  resolved "https://registry.npmjs.org/kind-of/-/kind-of-6.0.3.tgz#07c05034a6c349fa06e24fa35aa76db4580ce4dd"
  integrity sha512-dcS1ul+9tmeD95T+x28/ehLgd9mENa3LsvDTtzm3vyBEO7RPptvAD+t44WVXaUjTBRcrpFeFlC8WCruUR456hw==

mayo-firebase-config@^1.2.22:
  version "1.2.23"
  resolved "https://registry.yarnpkg.com/mayo-firebase-config/-/mayo-firebase-config-1.2.23.tgz#1d952f43cdf1f269254442bf2f52221068a21d1f"
  integrity sha512-/0n7AISDMRC3G/BAY8jZ//XftkmdGhAa1uvHlJaVwotcuortehx99pXL2l7DndsJO6F58Morxkj3E8iHGVP9Uw==
  dependencies:
    mayo-logger "^1.0.8"
    react-native-device-info "^10.12.0"

mayo-logger@^1.0.8:
  version "1.2.0"
  resolved "https://registry.yarnpkg.com/mayo-logger/-/mayo-logger-1.2.0.tgz#bb43867725ede6bfb608ea75791532601299a119"
  integrity sha512-ENdvl1ZYZ4InjZgB1CPnwZl9j7yz62nhQrvYfz9KaWZOqxoAdji9zmDx92eAvjxVZjCkk511HSfyRz+0M5r1og==
  dependencies:
    typescript "^5.3.2"

merge-options@^3.0.4:
  version "3.0.4"
  resolved "https://registry.npmjs.org/merge-options/-/merge-options-3.0.4.tgz#84709c2aa2a4b24c1981f66c179fe5565cc6dbb7"
  integrity sha512-2Sug1+knBjkaMsMgf1ctR1Ujx+Ayku4EdJN4Z+C2+JzoeF7A3OZ9KM2GY0CpQS51NR61LTurMJrRKPhSs3ZRTQ==
  dependencies:
    is-plain-obj "^2.1.0"

mixin-object@^2.0.1:
  version "2.0.1"
  resolved "https://registry.npmjs.org/mixin-object/-/mixin-object-2.0.1.tgz#4fb949441dab182540f1fe035ba60e1947a5e57e"
  integrity sha512-ALGF1Jt9ouehcaXaHhn6t1yGWRqGaHkPFndtFVHfZXOvkIZ/yoGaSi0AHVTafb3ZBGg4dr/bDwnaEKqCXzchMA==
  dependencies:
    for-in "^0.1.3"
    is-extendable "^0.1.1"

nanoid@^3.1.23:
  version "3.3.7"
  resolved "https://registry.npmjs.org/nanoid/-/nanoid-3.3.7.tgz#d0c301a691bc8d54efa0a2226ccf3fe2fd656bd8"
  integrity sha512-eSRppjcPIatRIMC1U6UngP8XFcz8MQWGQdt1MTBQ7NaAmvXDfvNxbvWV3x2y6CdEUciCSsDHDQZbhYaB8QEo2g==

opencollective-postinstall@^2.0.3:
  version "2.0.3"
  resolved "https://registry.npmjs.org/opencollective-postinstall/-/opencollective-postinstall-2.0.3.tgz#7a0fff978f6dbfa4d006238fbac98ed4198c3259"
  integrity sha512-8AV/sCtuzUeTo8gQK5qDZzARrulB3egtLzFgteqB2tcT4Mw7B8Kt7JcDHmltjz6FOAHsvTevk70gZEbhM4ZS9Q==

plist@^3.1.0:
  version "3.1.0"
  resolved "https://registry.yarnpkg.com/plist/-/plist-3.1.0.tgz#797a516a93e62f5bde55e0b9cc9c967f860893c9"
  integrity sha512-uysumyrvkUX0rX/dEVqt8gC3sTBzd4zoWfLeS29nb53imdaXVvLINYXTI2GNqzaMuvacNx4uJQ8+b3zXR0pkgQ==
  dependencies:
    "@xmldom/xmldom" "^0.8.8"
    base64-js "^1.5.1"
    xmlbuilder "^15.1.1"

query-string@^7.1.3:
  version "7.1.3"
  resolved "https://registry.npmjs.org/query-string/-/query-string-7.1.3.tgz#a1cf90e994abb113a325804a972d98276fe02328"
  integrity sha512-hh2WYhq4fi8+b+/2Kg9CEge4fDPvHS534aOOvOZeQ3+Vf2mCFsaFBYj0i+iXcAq6I9Vzp5fjMFBlONvayDC1qg==
  dependencies:
    decode-uri-component "^0.2.2"
    filter-obj "^1.1.0"
    split-on-first "^1.0.0"
    strict-uri-encode "^2.0.0"

react-freeze@^1.0.0:
  version "1.0.3"
  resolved "https://registry.npmjs.org/react-freeze/-/react-freeze-1.0.3.tgz#5e3ca90e682fed1d73a7cb50c2c7402b3e85618d"
  integrity sha512-ZnXwLQnGzrDpHBHiC56TXFXvmolPeMjTn1UOm610M4EXGzbEDR7oOIyS2ZiItgbs6eZc4oU/a0hpk8PrcKvv5g==

react-is@^16.13.0:
  version "16.13.1"
  resolved "https://registry.npmjs.org/react-is/-/react-is-16.13.1.tgz#789729a4dc36de2999dc156dd6c1d9c18cea56a4"
  integrity sha512-24e6ynE2H+OKt4kqsOvNd8kBpV65zoxbA4BVsEOB3ARVWQki/DHzaUoC5KuON/BiccDaCCTZBuOcfZs70kR8bQ==

react-native-device-info@^10.12.0:
  version "10.12.0"
  resolved "https://registry.npmjs.org/react-native-device-info/-/react-native-device-info-10.12.0.tgz#be4e71cbcc9a05e8643b1a419a4450d4cef9bbcc"
  integrity sha512-gnBkjyZNEqRd+5BNrdzuvmlraHTCH/to2x0Gp9rtDt0O9xWWW1MTYohUVWX9A0Ad2HVYcGanDCIvjWp4ngMZFg==

react-native-screens@^3.27.0:
  version "3.27.0"
  resolved "https://registry.npmjs.org/react-native-screens/-/react-native-screens-3.27.0.tgz#2ac39f78dee27df97d3b6fb11ebf8e5751aa986a"
  integrity sha512-FzSUygZ7yLQyhDJZsl7wU68LwRpVtVdqOPWribmEU3Tf26FohFGGcfJx1D8lf2V2Teb8tI+IaLnXCKbyh2xffA==
  dependencies:
    react-freeze "^1.0.0"
    warn-once "^0.1.0"

shallow-clone@^1.0.0:
  version "1.0.0"
  resolved "https://registry.npmjs.org/shallow-clone/-/shallow-clone-1.0.0.tgz#4480cd06e882ef68b2ad88a3ea54832e2c48b571"
  integrity sha512-oeXreoKR/SyNJtRJMAKPDSvd28OqEwG4eR/xc856cRGBII7gX9lvAqDxusPm0846z/w/hWYjI1NpKwJ00NHzRA==
  dependencies:
    is-extendable "^0.1.1"
    kind-of "^5.0.0"
    mixin-object "^2.0.1"

simple-swizzle@^0.2.2:
  version "0.2.2"
  resolved "https://registry.npmjs.org/simple-swizzle/-/simple-swizzle-0.2.2.tgz#a4da6b635ffcccca33f70d17cb92592de95e557a"
  integrity sha512-JA//kQgZtbuY83m+xT+tXJkmJncGMTFT+C+g2h2R9uxkYIrE2yy9sgmcLhCnw57/WSD+Eh3J97FPEDFnbXnDUg==
  dependencies:
    is-arrayish "^0.3.1"

split-on-first@^1.0.0:
  version "1.1.0"
  resolved "https://registry.npmjs.org/split-on-first/-/split-on-first-1.1.0.tgz#f610afeee3b12bce1d0c30425e76398b78249a5f"
  integrity sha512-43ZssAJaMusuKWL8sKUBQXHWOpq8d6CfN/u1p4gUzfJkM05C8rxTmYrkIPTXapZpORA6LkkzcUulJ8FqA7Uudw==

strict-uri-encode@^2.0.0:
  version "2.0.0"
  resolved "https://registry.npmjs.org/strict-uri-encode/-/strict-uri-encode-2.0.0.tgz#b9c7330c7042862f6b142dc274bbcc5866ce3546"
  integrity sha512-QwiXZgpRcKkhTj2Scnn++4PKtWsH0kpzZ62L2R6c/LUVYv7hVnZqcg2+sMuT6R7Jusu1vviK/MFsu6kNJfWlEQ==

superstruct@^0.6.2:
  version "0.6.2"
  resolved "https://registry.npmjs.org/superstruct/-/superstruct-0.6.2.tgz#c5eb034806a17ff98d036674169ef85e4c7f6a1c"
  integrity sha512-lvA97MFAJng3rfjcafT/zGTSWm6Tbpk++DP6It4Qg7oNaeM+2tdJMuVgGje21/bIpBEs6iQql1PJH6dKTjl4Ig==
  dependencies:
    clone-deep "^2.0.1"
    kind-of "^6.0.1"

typescript@^5.2.2, typescript@^5.3.2:
  version "5.3.3"
  resolved "https://registry.yarnpkg.com/typescript/-/typescript-5.3.3.tgz#b3ce6ba258e72e6305ba66f5c9b452aaee3ffe37"
  integrity sha512-pXWcraxM0uxAS+tN0AG/BF2TyqmHO014Z070UsJ+pFvYuRSq8KH8DmWpnbXe0pEPDHXZV3FcAbJkijJ5oNEnWw==

undici-types@~5.26.4:
  version "5.26.5"
  resolved "https://registry.yarnpkg.com/undici-types/-/undici-types-5.26.5.tgz#bcd539893d00b56e964fd2657a4866b221a65617"
  integrity sha512-JlCMO+ehdEIKqlFxk6IfVoAUVmgz7cU7zD/h9XZ0qzeosSHmUJVOzSQvvYSYWXkFXC+IfLKSIffhv0sVZup6pA==

use-latest-callback@^0.1.7:
  version "0.1.9"
  resolved "https://registry.npmjs.org/use-latest-callback/-/use-latest-callback-0.1.9.tgz#10191dc54257e65a8e52322127643a8940271e2a"
  integrity sha512-CL/29uS74AwreI/f2oz2hLTW7ZqVeV5+gxFeGudzQrgkCytrHw33G4KbnQOrRlAEzzAFXi7dDLMC9zhWcVpzmw==

warn-once@^0.1.0:
  version "0.1.1"
  resolved "https://registry.npmjs.org/warn-once/-/warn-once-0.1.1.tgz#952088f4fb56896e73fd4e6a3767272a3fccce43"
  integrity sha512-VkQZJbO8zVImzYFteBXvBOZEl1qL175WH8VmZcxF2fZAoudNhNDvHi+doCaAEdU2l2vtcIwa2zn0QK5+I1HQ3Q==

xmlbuilder@^15.1.1:
  version "15.1.1"
  resolved "https://registry.yarnpkg.com/xmlbuilder/-/xmlbuilder-15.1.1.tgz#9dcdce49eea66d8d10b42cae94a79c3c8d0c2ec5"
  integrity sha512-yMqGBqtXyeN1e3TGYvgNgDVZ3j84W4cwkOXQswghol6APgZWaff9lnbvN7MHYJOiXsvGPXtjTYJEiC9J2wv9Eg==
